
Microsoft Visual Studio Solution File, Format Version 11.00
# Visual Studio 2010
Project("{FAE04EC0-301F-11D3-BF4B-00C04F79EFBC}") = "Assembly-CSharp", "Assembly-CSharp.csproj", "{AF5FA12E-872B-F8DC-EB26-E0306729EDC3}"
EndProject
Project("{FAE04EC0-301F-11D3-BF4B-00C04F79EFBC}") = "Assembly-CSharp-firstpass", "Assembly-CSharp-firstpass.csproj", "{058950D3-A997-0478-9803-C07E7F13E8FC}"
EndProject
Project("{FAE04EC0-301F-11D3-BF4B-00C04F79EFBC}") = "Assembly-CSharp-Editor-firstpass", "Assembly-CSharp-Editor-firstpass.csproj", "{D4D7DEBD-3F96-FB74-8956-AAE71FBC3B82}"
EndProject
Project("{FAE04EC0-301F-11D3-BF4B-00C04F79EFBC}") = "Assembly-CSharp-Editor", "Assembly-CSharp-Editor.csproj", "{B0AEDA39-35C5-A757-C46E-82421C53821D}"
EndProject
Global
	GlobalSection(SolutionConfigurationPlatforms) = preSolution
		Debug|Any CPU = Debug|Any CPU
		Release|Any CPU = Release|Any CPU
	EndGlobalSection
	GlobalSection(ProjectConfigurationPlatforms) = postSolution
		{AF5FA12E-872B-F8DC-EB26-E0306729EDC3}.Debug|Any CPU.ActiveCfg = Debug|Any CPU
		{AF5FA12E-872B-F8DC-EB26-E0306729EDC3}.Debug|Any CPU.Build.0 = Debug|Any CPU
		{AF5FA12E-872B-F8DC-EB26-E0306729EDC3}.Release|Any CPU.ActiveCfg = Release|Any CPU
		{AF5FA12E-872B-F8DC-EB26-E0306729EDC3}.Release|Any CPU.Build.0 = Release|Any CPU
		{058950D3-A997-0478-9803-C07E7F13E8FC}.Debug|Any CPU.ActiveCfg = Debug|Any CPU
		{058950D3-A997-0478-9803-C07E7F13E8FC}.Debug|Any CPU.Build.0 = Debug|Any CPU
		{058950D3-A997-0478-9803-C07E7F13E8FC}.Release|Any CPU.ActiveCfg = Release|Any CPU
		{058950D3-A997-0478-9803-C07E7F13E8FC}.Release|Any CPU.Build.0 = Release|Any CPU
		{D4D7DEBD-3F96-FB74-8956-AAE71FBC3B82}.Debug|Any CPU.ActiveCfg = Debug|Any CPU
		{D4D7DEBD-3F96-FB74-8956-AAE71FBC3B82}.Debug|Any CPU.Build.0 = Debug|Any CPU
		{D4D7DEBD-3F96-FB74-8956-AAE71FBC3B82}.Release|Any CPU.ActiveCfg = Release|Any CPU
		{D4D7DEBD-3F96-FB74-8956-AAE71FBC3B82}.Release|Any CPU.Build.0 = Release|Any CPU
		{B0AEDA39-35C5-A757-C46E-82421C53821D}.Debug|Any CPU.ActiveCfg = Debug|Any CPU
		{B0AEDA39-35C5-A757-C46E-82421C53821D}.Debug|Any CPU.Build.0 = Debug|Any CPU
		{B0AEDA39-35C5-A757-C46E-82421C53821D}.Release|Any CPU.ActiveCfg = Release|Any CPU
		{B0AEDA39-35C5-A757-C46E-82421C53821D}.Release|Any CPU.Build.0 = Release|Any CPU
	EndGlobalSection
	GlobalSection(SolutionProperties) = preSolution
		HideSolutionNode = FALSE
	EndGlobalSection
	GlobalSection(MonoDevelopProperties) = preSolution
		StartupItem = Assembly-CSharp.csproj
	EndGlobalSection
EndGlobal
